// !$*UTF8*$!
{
	archiveVersion = 1;
	classes = {
	};
	objectVersion = 46;
	objects = {

/* Begin PBXBuildFile section */
		00E356F31AD99517003FC87E /* MobiusMobileWalletTests.m in Sources */ = {isa = PBXBuildFile; fileRef = 00E356F21AD99517003FC87E /* MobiusMobileWalletTests.m */; };
		13B07FBC1A68108700A75B9A /* AppDelegate.m in Sources */ = {isa = PBXBuildFile; fileRef = 13B07FB01A68108700A75B9A /* AppDelegate.m */; };
		13B07FC11A68108700A75B9A /* main.m in Sources */ = {isa = PBXBuildFile; fileRef = 13B07FB71A68108700A75B9A /* main.m */; };
		39B86FE855A8483E8308E28F /* Helvetica Neue Thin.ttf in Resources */ = {isa = PBXBuildFile; fileRef = 5A501A9A2A2A4BEABD9B09DD /* Helvetica Neue Thin.ttf */; };
		4947DB422CA144F4B1A0108F /* Roboto Italic.ttf in Resources */ = {isa = PBXBuildFile; fileRef = 78A1D453588241A99F6EBDF9 /* Roboto Italic.ttf */; };
		59B1877204AC684C58B0EFFD /* libPods-MobiusMobileWalletTests.a in Frameworks */ = {isa = PBXBuildFile; fileRef = FCD55B8DD1FCD19B8DEFA52B /* libPods-MobiusMobileWalletTests.a */; };
		5D8D3290578F4485977F151E /* Nunito Sans Italic.ttf in Resources */ = {isa = PBXBuildFile; fileRef = 966BB142B9B44C4EBD6ABF22 /* Nunito Sans Italic.ttf */; };
		703B7179213E262600AE6E0E /* Settings.bundle in Resources */ = {isa = PBXBuildFile; fileRef = 703B7178213E262600AE6E0E /* Settings.bundle */; };
		709DA828214177B900AF344D /* Assets.xcassets in Resources */ = {isa = PBXBuildFile; fileRef = 709DA827214177B900AF344D /* Assets.xcassets */; };
		709DA82A21417ABA00AF344D /* Launch Screen.storyboard in Resources */ = {isa = PBXBuildFile; fileRef = 709DA82921417ABA00AF344D /* Launch Screen.storyboard */; };
		71660C9B8A4D44E7AD9596CF /* Nunito Sans Light.ttf in Resources */ = {isa = PBXBuildFile; fileRef = D6E8786D23B342C2A8C5297A /* Nunito Sans Light.ttf */; };
		7CB954CDEA5A604881E98D08 /* libPods-MobiusMobileWallet.a in Frameworks */ = {isa = PBXBuildFile; fileRef = FBC2CADE496F458B1E2C8672 /* libPods-MobiusMobileWallet.a */; };
		83F6DC1518824E018C733149 /* Roboto Bold.ttf in Resources */ = {isa = PBXBuildFile; fileRef = 3ECE6A48F96C4BAC8BF489D8 /* Roboto Bold.ttf */; };
		8A7987054D8D4511B55027A3 /* Roboto Medium.ttf in Resources */ = {isa = PBXBuildFile; fileRef = 1515DD7DADCB45CB9227333E /* Roboto Medium.ttf */; };
		8D156BDF17B6433A96F2A4BA /* Roboto Thin.ttf in Resources */ = {isa = PBXBuildFile; fileRef = 292D26B43110450E8534050D /* Roboto Thin.ttf */; };
		9E28206700EA4D719DAAB7F5 /* Helvetica Neue Medium.ttf in Resources */ = {isa = PBXBuildFile; fileRef = 2F296E4FC2F5402082F07962 /* Helvetica Neue Medium.ttf */; };
		A2C5DFA512B4419C8334240A /* Nunito Sans Regular.ttf in Resources */ = {isa = PBXBuildFile; fileRef = 52F3E6E48E7F48329C4B9431 /* Nunito Sans Regular.ttf */; };
		B8E2406E35EB474989AB0DF5 /* Nunito Sans Bold.ttf in Resources */ = {isa = PBXBuildFile; fileRef = 7DD017C94262423A9EF12F88 /* Nunito Sans Bold.ttf */; };
		BD274C6FBACE41F699347EF6 /* Helvetica Neue Bold.ttf in Resources */ = {isa = PBXBuildFile; fileRef = 47F291CF454449488EF7A11C /* Helvetica Neue Bold.ttf */; };
		C2C418DC3CD144C6875373C8 /* Roboto.ttf in Resources */ = {isa = PBXBuildFile; fileRef = 89F9404328D54B39B885FE8B /* Roboto.ttf */; };
		D042CDFFE93C4FFE9410B3C6 /* Helvetica Neue.ttf in Resources */ = {isa = PBXBuildFile; fileRef = 97DB4B87A3CE4721975E2AB5 /* Helvetica Neue.ttf */; };
		F6D0D10901774F07A8FBA2E3 /* Helvetica Neue Italic.ttf in Resources */ = {isa = PBXBuildFile; fileRef = D1A4434F98F742D9B1FA9409 /* Helvetica Neue Italic.ttf */; };
		FF4D1153AC434B7490274AE3 /* Nunito Sans SemiBold.ttf in Resources */ = {isa = PBXBuildFile; fileRef = 9DF959C84CFE4779AE1165C3 /* Nunito Sans SemiBold.ttf */; };
/* End PBXBuildFile section */

/* Begin PBXContainerItemProxy section */
		00E356F41AD99517003FC87E /* PBXContainerItemProxy */ = {
			isa = PBXContainerItemProxy;
			containerPortal = 83CBB9F71A601CBA00E9B192 /* Project object */;
			proxyType = 1;
			remoteGlobalIDString = 13B07F861A680F5B00A75B9A;
			remoteInfo = MobiusMobileWallet;
		};
/* End PBXContainerItemProxy section */

/* Begin PBXFileReference section */
		008F07F21AC5B25A0029DE68 /* main.jsbundle */ = {isa = PBXFileReference; fileEncoding = 4; lastKnownFileType = file; path = main.jsbundle; sourceTree = SOURCE_ROOT; };
		00E356EE1AD99517003FC87E /* MobiusMobileWalletTests.xctest */ = {isa = PBXFileReference; explicitFileType = wrapper.cfbundle; includeInIndex = 0; path = MobiusMobileWalletTests.xctest; sourceTree = BUILT_PRODUCTS_DIR; };
		00E356F11AD99517003FC87E /* Info.plist */ = {isa = PBXFileReference; lastKnownFileType = text.plist.xml; path = Info.plist; sourceTree = "<group>"; };
		00E356F21AD99517003FC87E /* MobiusMobileWalletTests.m */ = {isa = PBXFileReference; lastKnownFileType = sourcecode.c.objc; path = MobiusMobileWalletTests.m; sourceTree = "<group>"; };
		13B07F961A680F5B00A75B9A /* MobiusMobileWallet.app */ = {isa = PBXFileReference; explicitFileType = wrapper.application; includeInIndex = 0; path = MobiusMobileWallet.app; sourceTree = BUILT_PRODUCTS_DIR; };
		13B07FAF1A68108700A75B9A /* AppDelegate.h */ = {isa = PBXFileReference; fileEncoding = 4; lastKnownFileType = sourcecode.c.h; path = AppDelegate.h; sourceTree = "<group>"; };
		13B07FB01A68108700A75B9A /* AppDelegate.m */ = {isa = PBXFileReference; fileEncoding = 4; lastKnownFileType = sourcecode.c.objc; path = AppDelegate.m; sourceTree = "<group>"; };
		13B07FB61A68108700A75B9A /* Info.plist */ = {isa = PBXFileReference; fileEncoding = 4; lastKnownFileType = text.plist.xml; path = Info.plist; sourceTree = "<group>"; };
		13B07FB71A68108700A75B9A /* main.m */ = {isa = PBXFileReference; fileEncoding = 4; lastKnownFileType = sourcecode.c.objc; path = main.m; sourceTree = "<group>"; };
		1515DD7DADCB45CB9227333E /* Roboto Medium.ttf */ = {isa = PBXFileReference; explicitFileType = undefined; fileEncoding = 9; includeInIndex = 0; lastKnownFileType = unknown; name = "Roboto Medium.ttf"; path = "../assets/fonts/Roboto Medium.ttf"; sourceTree = "<group>"; };
		292D26B43110450E8534050D /* Roboto Thin.ttf */ = {isa = PBXFileReference; explicitFileType = undefined; fileEncoding = 9; includeInIndex = 0; lastKnownFileType = unknown; name = "Roboto Thin.ttf"; path = "../assets/fonts/Roboto Thin.ttf"; sourceTree = "<group>"; };
		2F296E4FC2F5402082F07962 /* Helvetica Neue Medium.ttf */ = {isa = PBXFileReference; explicitFileType = undefined; fileEncoding = 9; includeInIndex = 0; lastKnownFileType = unknown; name = "Helvetica Neue Medium.ttf"; path = "../assets/fonts/Helvetica Neue Medium.ttf"; sourceTree = "<group>"; };
		3ECE6A48F96C4BAC8BF489D8 /* Roboto Bold.ttf */ = {isa = PBXFileReference; explicitFileType = undefined; fileEncoding = 9; includeInIndex = 0; lastKnownFileType = unknown; name = "Roboto Bold.ttf"; path = "../assets/fonts/Roboto Bold.ttf"; sourceTree = "<group>"; };
		47F291CF454449488EF7A11C /* Helvetica Neue Bold.ttf */ = {isa = PBXFileReference; explicitFileType = undefined; fileEncoding = 9; includeInIndex = 0; lastKnownFileType = unknown; name = "Helvetica Neue Bold.ttf"; path = "../assets/fonts/Helvetica Neue Bold.ttf"; sourceTree = "<group>"; };
		4EAEA74035204177DE9DDED1 /* Pods-MobiusMobileWallet.debug.xcconfig */ = {isa = PBXFileReference; includeInIndex = 1; lastKnownFileType = text.xcconfig; name = "Pods-MobiusMobileWallet.debug.xcconfig"; path = "Pods/Target Support Files/Pods-MobiusMobileWallet/Pods-MobiusMobileWallet.debug.xcconfig"; sourceTree = "<group>"; };
		52F3E6E48E7F48329C4B9431 /* Nunito Sans Regular.ttf */ = {isa = PBXFileReference; explicitFileType = undefined; fileEncoding = 9; includeInIndex = 0; lastKnownFileType = unknown; name = "Nunito Sans Regular.ttf"; path = "../assets/fonts/Nunito Sans Regular.ttf"; sourceTree = "<group>"; };
		5A501A9A2A2A4BEABD9B09DD /* Helvetica Neue Thin.ttf */ = {isa = PBXFileReference; explicitFileType = undefined; fileEncoding = 9; includeInIndex = 0; lastKnownFileType = unknown; name = "Helvetica Neue Thin.ttf"; path = "../assets/fonts/Helvetica Neue Thin.ttf"; sourceTree = "<group>"; };
		703B7178213E262600AE6E0E /* Settings.bundle */ = {isa = PBXFileReference; lastKnownFileType = "wrapper.plug-in"; path = Settings.bundle; sourceTree = "<group>"; };
		7098ED46213DA4870068DB08 /* Project.debug.xcconfig */ = {isa = PBXFileReference; fileEncoding = 4; lastKnownFileType = text.xcconfig; path = Project.debug.xcconfig; sourceTree = "<group>"; };
		7098ED47213DA4870068DB08 /* Project.release.xcconfig */ = {isa = PBXFileReference; fileEncoding = 4; lastKnownFileType = text.xcconfig; path = Project.release.xcconfig; sourceTree = "<group>"; };
		7098ED48213DA4870068DB08 /* Project.base.xcconfig */ = {isa = PBXFileReference; fileEncoding = 4; lastKnownFileType = text.xcconfig; path = Project.base.xcconfig; sourceTree = "<group>"; };
		7098ED4C213DA6BA0068DB08 /* MobiusMobileWallet.base.xcconfig */ = {isa = PBXFileReference; fileEncoding = 4; lastKnownFileType = text.xcconfig; path = MobiusMobileWallet.base.xcconfig; sourceTree = "<group>"; };
		7098ED4D213DA6BA0068DB08 /* MobiusMobileWallet.debug.xcconfig */ = {isa = PBXFileReference; fileEncoding = 4; lastKnownFileType = text.xcconfig; path = MobiusMobileWallet.debug.xcconfig; sourceTree = "<group>"; };
		7098ED4E213DA6BB0068DB08 /* MobiusMobileWallet.release.xcconfig */ = {isa = PBXFileReference; fileEncoding = 4; lastKnownFileType = text.xcconfig; path = MobiusMobileWallet.release.xcconfig; sourceTree = "<group>"; };
		7098ED53213DA7C80068DB08 /* MobiusMobileWalletTests.release.xcconfig */ = {isa = PBXFileReference; fileEncoding = 4; lastKnownFileType = text.xcconfig; path = MobiusMobileWalletTests.release.xcconfig; sourceTree = "<group>"; };
		7098ED54213DA7C80068DB08 /* MobiusMobileWalletTests.base.xcconfig */ = {isa = PBXFileReference; fileEncoding = 4; lastKnownFileType = text.xcconfig; path = MobiusMobileWalletTests.base.xcconfig; sourceTree = "<group>"; };
		7098ED55213DA7C80068DB08 /* MobiusMobileWalletTests.debug.xcconfig */ = {isa = PBXFileReference; fileEncoding = 4; lastKnownFileType = text.xcconfig; path = MobiusMobileWalletTests.debug.xcconfig; sourceTree = "<group>"; };
		709DA827214177B900AF344D /* Assets.xcassets */ = {isa = PBXFileReference; lastKnownFileType = folder.assetcatalog; path = Assets.xcassets; sourceTree = "<group>"; };
		709DA82921417ABA00AF344D /* Launch Screen.storyboard */ = {isa = PBXFileReference; lastKnownFileType = file.storyboard; path = "Launch Screen.storyboard"; sourceTree = "<group>"; };
		78A1D453588241A99F6EBDF9 /* Roboto Italic.ttf */ = {isa = PBXFileReference; explicitFileType = undefined; fileEncoding = 9; includeInIndex = 0; lastKnownFileType = unknown; name = "Roboto Italic.ttf"; path = "../assets/fonts/Roboto Italic.ttf"; sourceTree = "<group>"; };
		7C330E7A8E8F01E31A1A56C6 /* Pods-MobiusMobileWalletTests.release.xcconfig */ = {isa = PBXFileReference; includeInIndex = 1; lastKnownFileType = text.xcconfig; name = "Pods-MobiusMobileWalletTests.release.xcconfig"; path = "Pods/Target Support Files/Pods-MobiusMobileWalletTests/Pods-MobiusMobileWalletTests.release.xcconfig"; sourceTree = "<group>"; };
		7DD017C94262423A9EF12F88 /* Nunito Sans Bold.ttf */ = {isa = PBXFileReference; explicitFileType = undefined; fileEncoding = 9; includeInIndex = 0; lastKnownFileType = unknown; name = "Nunito Sans Bold.ttf"; path = "../assets/fonts/Nunito Sans Bold.ttf"; sourceTree = "<group>"; };
		89F9404328D54B39B885FE8B /* Roboto.ttf */ = {isa = PBXFileReference; explicitFileType = undefined; fileEncoding = 9; includeInIndex = 0; lastKnownFileType = unknown; name = Roboto.ttf; path = ../assets/fonts/Roboto.ttf; sourceTree = "<group>"; };
		966BB142B9B44C4EBD6ABF22 /* Nunito Sans Italic.ttf */ = {isa = PBXFileReference; explicitFileType = undefined; fileEncoding = 9; includeInIndex = 0; lastKnownFileType = unknown; name = "Nunito Sans Italic.ttf"; path = "../assets/fonts/Nunito Sans Italic.ttf"; sourceTree = "<group>"; };
		97DB4B87A3CE4721975E2AB5 /* Helvetica Neue.ttf */ = {isa = PBXFileReference; explicitFileType = undefined; fileEncoding = 9; includeInIndex = 0; lastKnownFileType = unknown; name = "Helvetica Neue.ttf"; path = "../assets/fonts/Helvetica Neue.ttf"; sourceTree = "<group>"; };
		9DF959C84CFE4779AE1165C3 /* Nunito Sans SemiBold.ttf */ = {isa = PBXFileReference; explicitFileType = undefined; fileEncoding = 9; includeInIndex = 0; lastKnownFileType = unknown; name = "Nunito Sans SemiBold.ttf"; path = "../assets/fonts/Nunito Sans SemiBold.ttf"; sourceTree = "<group>"; };
		A3AC44DB6C3609ADE72548AA /* Pods-MobiusMobileWalletTests.debug.xcconfig */ = {isa = PBXFileReference; includeInIndex = 1; lastKnownFileType = text.xcconfig; name = "Pods-MobiusMobileWalletTests.debug.xcconfig"; path = "Pods/Target Support Files/Pods-MobiusMobileWalletTests/Pods-MobiusMobileWalletTests.debug.xcconfig"; sourceTree = "<group>"; };
		D1A4434F98F742D9B1FA9409 /* Helvetica Neue Italic.ttf */ = {isa = PBXFileReference; explicitFileType = undefined; fileEncoding = 9; includeInIndex = 0; lastKnownFileType = unknown; name = "Helvetica Neue Italic.ttf"; path = "../assets/fonts/Helvetica Neue Italic.ttf"; sourceTree = "<group>"; };
		D6E8786D23B342C2A8C5297A /* Nunito Sans Light.ttf */ = {isa = PBXFileReference; explicitFileType = undefined; fileEncoding = 9; includeInIndex = 0; lastKnownFileType = unknown; name = "Nunito Sans Light.ttf"; path = "../assets/fonts/Nunito Sans Light.ttf"; sourceTree = "<group>"; };
		ED08AF5F7FD3026E76E207DF /* Pods-MobiusMobileWallet.release.xcconfig */ = {isa = PBXFileReference; includeInIndex = 1; lastKnownFileType = text.xcconfig; name = "Pods-MobiusMobileWallet.release.xcconfig"; path = "Pods/Target Support Files/Pods-MobiusMobileWallet/Pods-MobiusMobileWallet.release.xcconfig"; sourceTree = "<group>"; };
		FBC2CADE496F458B1E2C8672 /* libPods-MobiusMobileWallet.a */ = {isa = PBXFileReference; explicitFileType = archive.ar; includeInIndex = 0; path = "libPods-MobiusMobileWallet.a"; sourceTree = BUILT_PRODUCTS_DIR; };
		FCD55B8DD1FCD19B8DEFA52B /* libPods-MobiusMobileWalletTests.a */ = {isa = PBXFileReference; explicitFileType = archive.ar; includeInIndex = 0; path = "libPods-MobiusMobileWalletTests.a"; sourceTree = BUILT_PRODUCTS_DIR; };
/* End PBXFileReference section */

/* Begin PBXFrameworksBuildPhase section */
		00E356EB1AD99517003FC87E /* Frameworks */ = {
			isa = PBXFrameworksBuildPhase;
			buildActionMask = 2147483647;
			files = (
				59B1877204AC684C58B0EFFD /* libPods-MobiusMobileWalletTests.a in Frameworks */,
			);
			runOnlyForDeploymentPostprocessing = 0;
		};
		13B07F8C1A680F5B00A75B9A /* Frameworks */ = {
			isa = PBXFrameworksBuildPhase;
			buildActionMask = 2147483647;
			files = (
				7CB954CDEA5A604881E98D08 /* libPods-MobiusMobileWallet.a in Frameworks */,
			);
			runOnlyForDeploymentPostprocessing = 0;
		};
/* End PBXFrameworksBuildPhase section */

/* Begin PBXGroup section */
		00E356EF1AD99517003FC87E /* MobiusMobileWalletTests */ = {
			isa = PBXGroup;
			children = (
				00E356F11AD99517003FC87E /* Info.plist */,
				00E356F21AD99517003FC87E /* MobiusMobileWalletTests.m */,
			);
			path = MobiusMobileWalletTests;
			sourceTree = "<group>";
		};
		13B07FAE1A68108700A75B9A /* MobiusMobileWallet */ = {
			isa = PBXGroup;
			children = (
				13B07FB61A68108700A75B9A /* Info.plist */,
				008F07F21AC5B25A0029DE68 /* main.jsbundle */,
				13B07FB71A68108700A75B9A /* main.m */,
				13B07FAF1A68108700A75B9A /* AppDelegate.h */,
				13B07FB01A68108700A75B9A /* AppDelegate.m */,
				709DA827214177B900AF344D /* Assets.xcassets */,
				709DA82921417ABA00AF344D /* Launch Screen.storyboard */,
				703B7178213E262600AE6E0E /* Settings.bundle */,
			);
			path = MobiusMobileWallet;
			sourceTree = "<group>";
		};
		17AB42BF644B4A5C9AE6DC6F /* Resources */ = {
			isa = PBXGroup;
			children = (
				47F291CF454449488EF7A11C /* Helvetica Neue Bold.ttf */,
				2F296E4FC2F5402082F07962 /* Helvetica Neue Medium.ttf */,
				5A501A9A2A2A4BEABD9B09DD /* Helvetica Neue Thin.ttf */,
				97DB4B87A3CE4721975E2AB5 /* Helvetica Neue.ttf */,
				7DD017C94262423A9EF12F88 /* Nunito Sans Bold.ttf */,
				D6E8786D23B342C2A8C5297A /* Nunito Sans Light.ttf */,
				52F3E6E48E7F48329C4B9431 /* Nunito Sans Regular.ttf */,
				9DF959C84CFE4779AE1165C3 /* Nunito Sans SemiBold.ttf */,
				3ECE6A48F96C4BAC8BF489D8 /* Roboto Bold.ttf */,
				1515DD7DADCB45CB9227333E /* Roboto Medium.ttf */,
				292D26B43110450E8534050D /* Roboto Thin.ttf */,
				89F9404328D54B39B885FE8B /* Roboto.ttf */,
				D1A4434F98F742D9B1FA9409 /* Helvetica Neue Italic.ttf */,
				966BB142B9B44C4EBD6ABF22 /* Nunito Sans Italic.ttf */,
				78A1D453588241A99F6EBDF9 /* Roboto Italic.ttf */,
			);
			name = Resources;
			sourceTree = "<group>";
		};
		2D16E6871FA4F8E400B85C8A /* Frameworks */ = {
			isa = PBXGroup;
			children = (
				FBC2CADE496F458B1E2C8672 /* libPods-MobiusMobileWallet.a */,
				FCD55B8DD1FCD19B8DEFA52B /* libPods-MobiusMobileWalletTests.a */,
			);
			name = Frameworks;
			sourceTree = "<group>";
		};
		7098ED45213DA4870068DB08 /* Support */ = {
			isa = PBXGroup;
			children = (
				7098ED54213DA7C80068DB08 /* MobiusMobileWalletTests.base.xcconfig */,
				7098ED55213DA7C80068DB08 /* MobiusMobileWalletTests.debug.xcconfig */,
				7098ED53213DA7C80068DB08 /* MobiusMobileWalletTests.release.xcconfig */,
				7098ED4C213DA6BA0068DB08 /* MobiusMobileWallet.base.xcconfig */,
				7098ED4D213DA6BA0068DB08 /* MobiusMobileWallet.debug.xcconfig */,
				7098ED4E213DA6BB0068DB08 /* MobiusMobileWallet.release.xcconfig */,
				7098ED46213DA4870068DB08 /* Project.debug.xcconfig */,
				7098ED47213DA4870068DB08 /* Project.release.xcconfig */,
				7098ED48213DA4870068DB08 /* Project.base.xcconfig */,
			);
			path = Support;
			sourceTree = "<group>";
		};
		83CBB9F61A601CBA00E9B192 = {
			isa = PBXGroup;
			children = (
				13B07FAE1A68108700A75B9A /* MobiusMobileWallet */,
				00E356EF1AD99517003FC87E /* MobiusMobileWalletTests */,
				83CBBA001A601CBA00E9B192 /* Products */,
				2D16E6871FA4F8E400B85C8A /* Frameworks */,
				17AB42BF644B4A5C9AE6DC6F /* Resources */,
				7098ED45213DA4870068DB08 /* Support */,
				ECD6FA032366E40ED55AB10A /* Pods */,
			);
			indentWidth = 2;
			sourceTree = "<group>";
			tabWidth = 2;
			usesTabs = 0;
		};
		83CBBA001A601CBA00E9B192 /* Products */ = {
			isa = PBXGroup;
			children = (
				13B07F961A680F5B00A75B9A /* MobiusMobileWallet.app */,
				00E356EE1AD99517003FC87E /* MobiusMobileWalletTests.xctest */,
			);
			name = Products;
			sourceTree = "<group>";
		};
		ECD6FA032366E40ED55AB10A /* Pods */ = {
			isa = PBXGroup;
			children = (
				4EAEA74035204177DE9DDED1 /* Pods-MobiusMobileWallet.debug.xcconfig */,
				ED08AF5F7FD3026E76E207DF /* Pods-MobiusMobileWallet.release.xcconfig */,
				A3AC44DB6C3609ADE72548AA /* Pods-MobiusMobileWalletTests.debug.xcconfig */,
				7C330E7A8E8F01E31A1A56C6 /* Pods-MobiusMobileWalletTests.release.xcconfig */,
			);
			name = Pods;
			sourceTree = "<group>";
		};
/* End PBXGroup section */

/* Begin PBXNativeTarget section */
		00E356ED1AD99517003FC87E /* MobiusMobileWalletTests */ = {
			isa = PBXNativeTarget;
			buildConfigurationList = 00E357021AD99517003FC87E /* Build configuration list for PBXNativeTarget "MobiusMobileWalletTests" */;
			buildPhases = (
				8D9018C0053E781AC9916471 /* [CP] Check Pods Manifest.lock */,
				00E356EA1AD99517003FC87E /* Sources */,
				00E356EB1AD99517003FC87E /* Frameworks */,
				00E356EC1AD99517003FC87E /* Resources */,
			);
			buildRules = (
			);
			dependencies = (
				00E356F51AD99517003FC87E /* PBXTargetDependency */,
			);
			name = MobiusMobileWalletTests;
			productName = MobiusMobileWalletTests;
			productReference = 00E356EE1AD99517003FC87E /* MobiusMobileWalletTests.xctest */;
			productType = "com.apple.product-type.bundle.unit-test";
		};
		13B07F861A680F5B00A75B9A /* MobiusMobileWallet */ = {
			isa = PBXNativeTarget;
			buildConfigurationList = 13B07F931A680F5B00A75B9A /* Build configuration list for PBXNativeTarget "MobiusMobileWallet" */;
			buildPhases = (
				27355422DA06B59AD0F8AB1E /* [CP] Check Pods Manifest.lock */,
				13B07F871A680F5B00A75B9A /* Sources */,
				13B07F8C1A680F5B00A75B9A /* Frameworks */,
				13B07F8E1A680F5B00A75B9A /* Resources */,
				00DD1BFF1BD5951E006B06BC /* Bundle React Native code and images */,
				70CA992E212B7F7B0082B8FB /* Submit to Crashlytics */,
				4141A9C557F6DDB73A89B68D /* [CP] Copy Pods Resources */,
			);
			buildRules = (
			);
			dependencies = (
			);
			name = MobiusMobileWallet;
			productName = "Hello World";
			productReference = 13B07F961A680F5B00A75B9A /* MobiusMobileWallet.app */;
			productType = "com.apple.product-type.application";
		};
/* End PBXNativeTarget section */

/* Begin PBXProject section */
		83CBB9F71A601CBA00E9B192 /* Project object */ = {
			isa = PBXProject;
			attributes = {
				LastSwiftUpdateCheck = 940;
				LastUpgradeCheck = 940;
				ORGANIZATIONNAME = Mobius;
				TargetAttributes = {
					00E356ED1AD99517003FC87E = {
						CreatedOnToolsVersion = 6.2;
						DevelopmentTeam = RW55Q5RBBV;
						ProvisioningStyle = Manual;
						TestTargetID = 13B07F861A680F5B00A75B9A;
					};
					13B07F861A680F5B00A75B9A = {
						DevelopmentTeam = RW55Q5RBBV;
						ProvisioningStyle = Manual;
						SystemCapabilities = {
							com.apple.BackgroundModes = {
								enabled = 0;
							};
							com.apple.Push = {
								enabled = 0;
							};
						};
					};
				};
			};
			buildConfigurationList = 83CBB9FA1A601CBA00E9B192 /* Build configuration list for PBXProject "MobiusMobileWallet" */;
			compatibilityVersion = "Xcode 3.2";
			developmentRegion = English;
			hasScannedForEncodings = 0;
			knownRegions = (
				en,
				Base,
			);
			mainGroup = 83CBB9F61A601CBA00E9B192;
			productRefGroup = 83CBBA001A601CBA00E9B192 /* Products */;
			projectDirPath = "";
			projectRoot = "";
			targets = (
				13B07F861A680F5B00A75B9A /* MobiusMobileWallet */,
				00E356ED1AD99517003FC87E /* MobiusMobileWalletTests */,
			);
		};
/* End PBXProject section */

/* Begin PBXResourcesBuildPhase section */
		00E356EC1AD99517003FC87E /* Resources */ = {
			isa = PBXResourcesBuildPhase;
			buildActionMask = 2147483647;
			files = (
			);
			runOnlyForDeploymentPostprocessing = 0;
		};
		13B07F8E1A680F5B00A75B9A /* Resources */ = {
			isa = PBXResourcesBuildPhase;
			buildActionMask = 2147483647;
			files = (
				709DA828214177B900AF344D /* Assets.xcassets in Resources */,
				703B7179213E262600AE6E0E /* Settings.bundle in Resources */,
				D042CDFFE93C4FFE9410B3C6 /* Helvetica Neue.ttf in Resources */,
				39B86FE855A8483E8308E28F /* Helvetica Neue Thin.ttf in Resources */,
				9E28206700EA4D719DAAB7F5 /* Helvetica Neue Medium.ttf in Resources */,
				F6D0D10901774F07A8FBA2E3 /* Helvetica Neue Italic.ttf in Resources */,
				BD274C6FBACE41F699347EF6 /* Helvetica Neue Bold.ttf in Resources */,
				71660C9B8A4D44E7AD9596CF /* Nunito Sans Light.ttf in Resources */,
				A2C5DFA512B4419C8334240A /* Nunito Sans Regular.ttf in Resources */,
				5D8D3290578F4485977F151E /* Nunito Sans Italic.ttf in Resources */,
				FF4D1153AC434B7490274AE3 /* Nunito Sans SemiBold.ttf in Resources */,
				B8E2406E35EB474989AB0DF5 /* Nunito Sans Bold.ttf in Resources */,
				C2C418DC3CD144C6875373C8 /* Roboto.ttf in Resources */,
				8D156BDF17B6433A96F2A4BA /* Roboto Thin.ttf in Resources */,
				8A7987054D8D4511B55027A3 /* Roboto Medium.ttf in Resources */,
				4947DB422CA144F4B1A0108F /* Roboto Italic.ttf in Resources */,
				709DA82A21417ABA00AF344D /* Launch Screen.storyboard in Resources */,
				83F6DC1518824E018C733149 /* Roboto Bold.ttf in Resources */,
			);
			runOnlyForDeploymentPostprocessing = 0;
		};
/* End PBXResourcesBuildPhase section */

/* Begin PBXShellScriptBuildPhase section */
		00DD1BFF1BD5951E006B06BC /* Bundle React Native code and images */ = {
			isa = PBXShellScriptBuildPhase;
			buildActionMask = 2147483647;
			files = (
			);
			inputPaths = (
			);
			name = "Bundle React Native code and images";
			outputPaths = (
			);
			runOnlyForDeploymentPostprocessing = 0;
			shellPath = /bin/sh;
			shellScript = "export NODE_BINARY=node\n../node_modules/react-native/scripts/react-native-xcode.sh";
		};
		27355422DA06B59AD0F8AB1E /* [CP] Check Pods Manifest.lock */ = {
			isa = PBXShellScriptBuildPhase;
			buildActionMask = 2147483647;
			files = (
			);
			inputPaths = (
				"${PODS_PODFILE_DIR_PATH}/Podfile.lock",
				"${PODS_ROOT}/Manifest.lock",
			);
			name = "[CP] Check Pods Manifest.lock";
			outputPaths = (
				"$(DERIVED_FILE_DIR)/Pods-MobiusMobileWallet-checkManifestLockResult.txt",
			);
			runOnlyForDeploymentPostprocessing = 0;
			shellPath = /bin/sh;
			shellScript = "diff \"${PODS_PODFILE_DIR_PATH}/Podfile.lock\" \"${PODS_ROOT}/Manifest.lock\" > /dev/null\nif [ $? != 0 ] ; then\n    # print error to STDERR\n    echo \"error: The sandbox is not in sync with the Podfile.lock. Run 'pod install' or update your CocoaPods installation.\" >&2\n    exit 1\nfi\n# This output is used by Xcode 'outputs' to avoid re-running this script phase.\necho \"SUCCESS\" > \"${SCRIPT_OUTPUT_FILE_0}\"\n";
			showEnvVarsInLog = 0;
		};
		4141A9C557F6DDB73A89B68D /* [CP] Copy Pods Resources */ = {
			isa = PBXShellScriptBuildPhase;
			buildActionMask = 2147483647;
			files = (
			);
			inputPaths = (
				"${PODS_ROOT}/Target Support Files/Pods-MobiusMobileWallet/Pods-MobiusMobileWallet-resources.sh",
				"${PODS_ROOT}/../../node_modules/react-native-vector-icons/Fonts/Entypo.ttf",
				"${PODS_ROOT}/../../node_modules/react-native-vector-icons/Fonts/EvilIcons.ttf",
				"${PODS_ROOT}/../../node_modules/react-native-vector-icons/Fonts/Feather.ttf",
				"${PODS_ROOT}/../../node_modules/react-native-vector-icons/Fonts/FontAwesome.ttf",
				"${PODS_ROOT}/../../node_modules/react-native-vector-icons/Fonts/FontAwesome5_Brands.ttf",
				"${PODS_ROOT}/../../node_modules/react-native-vector-icons/Fonts/FontAwesome5_Regular.ttf",
				"${PODS_ROOT}/../../node_modules/react-native-vector-icons/Fonts/FontAwesome5_Solid.ttf",
				"${PODS_ROOT}/../../node_modules/react-native-vector-icons/Fonts/Foundation.ttf",
				"${PODS_ROOT}/../../node_modules/react-native-vector-icons/Fonts/Ionicons.ttf",
				"${PODS_ROOT}/../../node_modules/react-native-vector-icons/Fonts/MaterialCommunityIcons.ttf",
				"${PODS_ROOT}/../../node_modules/react-native-vector-icons/Fonts/MaterialIcons.ttf",
				"${PODS_ROOT}/../../node_modules/react-native-vector-icons/Fonts/Octicons.ttf",
				"${PODS_ROOT}/../../node_modules/react-native-vector-icons/Fonts/SimpleLineIcons.ttf",
				"${PODS_ROOT}/../../node_modules/react-native-vector-icons/Fonts/Zocial.ttf",
			);
			name = "[CP] Copy Pods Resources";
			outputPaths = (
				"${TARGET_BUILD_DIR}/${UNLOCALIZED_RESOURCES_FOLDER_PATH}/Entypo.ttf",
				"${TARGET_BUILD_DIR}/${UNLOCALIZED_RESOURCES_FOLDER_PATH}/EvilIcons.ttf",
				"${TARGET_BUILD_DIR}/${UNLOCALIZED_RESOURCES_FOLDER_PATH}/Feather.ttf",
				"${TARGET_BUILD_DIR}/${UNLOCALIZED_RESOURCES_FOLDER_PATH}/FontAwesome.ttf",
				"${TARGET_BUILD_DIR}/${UNLOCALIZED_RESOURCES_FOLDER_PATH}/FontAwesome5_Brands.ttf",
				"${TARGET_BUILD_DIR}/${UNLOCALIZED_RESOURCES_FOLDER_PATH}/FontAwesome5_Regular.ttf",
				"${TARGET_BUILD_DIR}/${UNLOCALIZED_RESOURCES_FOLDER_PATH}/FontAwesome5_Solid.ttf",
				"${TARGET_BUILD_DIR}/${UNLOCALIZED_RESOURCES_FOLDER_PATH}/Foundation.ttf",
				"${TARGET_BUILD_DIR}/${UNLOCALIZED_RESOURCES_FOLDER_PATH}/Ionicons.ttf",
				"${TARGET_BUILD_DIR}/${UNLOCALIZED_RESOURCES_FOLDER_PATH}/MaterialCommunityIcons.ttf",
				"${TARGET_BUILD_DIR}/${UNLOCALIZED_RESOURCES_FOLDER_PATH}/MaterialIcons.ttf",
				"${TARGET_BUILD_DIR}/${UNLOCALIZED_RESOURCES_FOLDER_PATH}/Octicons.ttf",
				"${TARGET_BUILD_DIR}/${UNLOCALIZED_RESOURCES_FOLDER_PATH}/SimpleLineIcons.ttf",
				"${TARGET_BUILD_DIR}/${UNLOCALIZED_RESOURCES_FOLDER_PATH}/Zocial.ttf",
			);
			runOnlyForDeploymentPostprocessing = 0;
			shellPath = /bin/sh;
			shellScript = "\"${PODS_ROOT}/Target Support Files/Pods-MobiusMobileWallet/Pods-MobiusMobileWallet-resources.sh\"\n";
			showEnvVarsInLog = 0;
		};
		70CA992E212B7F7B0082B8FB /* Submit to Crashlytics */ = {
			isa = PBXShellScriptBuildPhase;
			buildActionMask = 2147483647;
			files = (
			);
			inputPaths = (
				"$(BUILT_PRODUCTS_DIR)/$(INFOPLIST_PATH)",
			);
			name = "Submit to Crashlytics";
			outputPaths = (
			);
			runOnlyForDeploymentPostprocessing = 0;
			shellPath = /bin/sh;
			shellScript = "\"${PODS_ROOT}/Fabric/run\" \"${CRASHLYTICS_API_TOKEN}\" \"${CRASHLYTICS_BUILD_SECRET}\"";
		};
		8D9018C0053E781AC9916471 /* [CP] Check Pods Manifest.lock */ = {
			isa = PBXShellScriptBuildPhase;
			buildActionMask = 2147483647;
			files = (
			);
			inputPaths = (
				"${PODS_PODFILE_DIR_PATH}/Podfile.lock",
				"${PODS_ROOT}/Manifest.lock",
			);
			name = "[CP] Check Pods Manifest.lock";
			outputPaths = (
				"$(DERIVED_FILE_DIR)/Pods-MobiusMobileWalletTests-checkManifestLockResult.txt",
			);
			runOnlyForDeploymentPostprocessing = 0;
			shellPath = /bin/sh;
			shellScript = "diff \"${PODS_PODFILE_DIR_PATH}/Podfile.lock\" \"${PODS_ROOT}/Manifest.lock\" > /dev/null\nif [ $? != 0 ] ; then\n    # print error to STDERR\n    echo \"error: The sandbox is not in sync with the Podfile.lock. Run 'pod install' or update your CocoaPods installation.\" >&2\n    exit 1\nfi\n# This output is used by Xcode 'outputs' to avoid re-running this script phase.\necho \"SUCCESS\" > \"${SCRIPT_OUTPUT_FILE_0}\"\n";
			showEnvVarsInLog = 0;
		};
/* End PBXShellScriptBuildPhase section */

/* Begin PBXSourcesBuildPhase section */
		00E356EA1AD99517003FC87E /* Sources */ = {
			isa = PBXSourcesBuildPhase;
			buildActionMask = 2147483647;
			files = (
				00E356F31AD99517003FC87E /* MobiusMobileWalletTests.m in Sources */,
			);
			runOnlyForDeploymentPostprocessing = 0;
		};
		13B07F871A680F5B00A75B9A /* Sources */ = {
			isa = PBXSourcesBuildPhase;
			buildActionMask = 2147483647;
			files = (
				13B07FBC1A68108700A75B9A /* AppDelegate.m in Sources */,
				13B07FC11A68108700A75B9A /* main.m in Sources */,
			);
			runOnlyForDeploymentPostprocessing = 0;
		};
/* End PBXSourcesBuildPhase section */

/* Begin PBXTargetDependency section */
		00E356F51AD99517003FC87E /* PBXTargetDependency */ = {
			isa = PBXTargetDependency;
			target = 13B07F861A680F5B00A75B9A /* MobiusMobileWallet */;
			targetProxy = 00E356F41AD99517003FC87E /* PBXContainerItemProxy */;
		};
/* End PBXTargetDependency section */

/* Begin XCBuildConfiguration section */
		00E356F61AD99517003FC87E /* Debug */ = {
			isa = XCBuildConfiguration;
			baseConfigurationReference = 7098ED55213DA7C80068DB08 /* MobiusMobileWalletTests.debug.xcconfig */;
			buildSettings = {
			};
			name = Debug;
		};
		00E356F71AD99517003FC87E /* Release */ = {
			isa = XCBuildConfiguration;
			baseConfigurationReference = 7098ED53213DA7C80068DB08 /* MobiusMobileWalletTests.release.xcconfig */;
			buildSettings = {
			};
			name = Release;
		};
		13B07F941A680F5B00A75B9A /* Debug */ = {
			isa = XCBuildConfiguration;
			baseConfigurationReference = 7098ED4D213DA6BA0068DB08 /* MobiusMobileWallet.debug.xcconfig */;
			buildSettings = {
				ASSETCATALOG_COMPILER_APPICON_NAME = AppIcon;
				INFOPLIST_FILE = MobiusMobileWallet/Info.plist;
			};
			name = Debug;
		};
		13B07F951A680F5B00A75B9A /* Release */ = {
			isa = XCBuildConfiguration;
			baseConfigurationReference = 7098ED4E213DA6BB0068DB08 /* MobiusMobileWallet.release.xcconfig */;
			buildSettings = {
				ASSETCATALOG_COMPILER_APPICON_NAME = AppIcon;
				INFOPLIST_FILE = MobiusMobileWallet/Info.plist;
			};
			name = Release;
		};
		83CBBA201A601CBA00E9B192 /* Debug */ = {
			isa = XCBuildConfiguration;
			baseConfigurationReference = 7098ED46213DA4870068DB08 /* Project.debug.xcconfig */;
			buildSettings = {
				CURRENT_PROJECT_VERSION = 21;
				VERSIONING_SYSTEM = "apple-generic";
			};
			name = Debug;
		};
		83CBBA211A601CBA00E9B192 /* Release */ = {
			isa = XCBuildConfiguration;
			baseConfigurationReference = 7098ED47213DA4870068DB08 /* Project.release.xcconfig */;
			buildSettings = {
				CURRENT_PROJECT_VERSION = 21;
				VERSIONING_SYSTEM = "apple-generic";
			};
			name = Release;
		};
/* End XCBuildConfiguration section */

/* Begin XCConfigurationList section */
		00E357021AD99517003FC87E /* Build configuration list for PBXNativeTarget "MobiusMobileWalletTests" */ = {
			isa = XCConfigurationList;
			buildConfigurations = (
				00E356F61AD99517003FC87E /* Debug */,
				00E356F71AD99517003FC87E /* Release */,
			);
			defaultConfigurationIsVisible = 0;
			defaultConfigurationName = Release;
		};
		13B07F931A680F5B00A75B9A /* Build configuration list for PBXNativeTarget "MobiusMobileWallet" */ = {
			isa = XCConfigurationList;
			buildConfigurations = (
				13B07F941A680F5B00A75B9A /* Debug */,
				13B07F951A680F5B00A75B9A /* Release */,
			);
			defaultConfigurationIsVisible = 0;
			defaultConfigurationName = Release;
		};
		83CBB9FA1A601CBA00E9B192 /* Build configuration list for PBXProject "MobiusMobileWallet" */ = {
			isa = XCConfigurationList;
			buildConfigurations = (
				83CBBA201A601CBA00E9B192 /* Debug */,
				83CBBA211A601CBA00E9B192 /* Release */,
			);
			defaultConfigurationIsVisible = 0;
			defaultConfigurationName = Release;
		};
/* End XCConfigurationList section */
	};
	rootObject = 83CBB9F71A601CBA00E9B192 /* Project object */;
}
