PODS:
  - boost-for-react-native (1.63.0)
  - BVLinearGradient (2.4.0):
    - React
  - Crashlytics (3.10.7):
    - Fabric (~> 1.7.11)
  - DoubleConversion (1.1.5)
  - Fabric (1.7.11)
  - Folly (2016.10.31.00):
    - boost-for-react-native
    - DoubleConversion
    - glog
  - glog (0.3.4)
  - React (0.56.0):
    - React/Core (= 0.56.0)
  - react-native-camera (1.2.0):
    - React
    - react-native-camera/RCT (= 1.2.0)
    - react-native-camera/RN (= 1.2.0)
  - react-native-camera/RCT (1.2.0):
    - React
  - react-native-camera/RN (1.2.0):
    - React
  - react-native-os (1.2.1):
    - React
  - react-native-randombytes (3.5.0):
    - React
  - react-native-splash-screen (3.1.1):
    - React
  - react-native-tcp (3.3.0):
    - React
  - react-native-udp (2.3.1):
    - React
  - React/Core (0.56.0):
    - yoga (= 0.56.0.React)
  - React/CxxBridge (0.56.0):
    - Folly (= 2016.10.31.00)
    - React/Core
    - React/cxxreact
  - React/cxxreact (0.56.0):
    - boost-for-react-native (= 1.63.0)
    - Folly (= 2016.10.31.00)
    - React/jschelpers
    - React/jsinspector
  - React/DevSupport (0.56.0):
    - React/Core
    - React/RCTWebSocket
  - React/fishhook (0.56.0)
  - React/jschelpers (0.56.0):
    - Folly (= 2016.10.31.00)
    - React/PrivateDatabase
  - React/jsinspector (0.56.0)
  - React/PrivateDatabase (0.56.0)
  - React/RCTActionSheet (0.56.0):
    - React/Core
  - React/RCTAnimation (0.56.0):
    - React/Core
  - React/RCTBlob (0.56.0):
    - React/Core
  - React/RCTImage (0.56.0):
    - React/Core
    - React/RCTNetwork
  - React/RCTLinkingIOS (0.56.0):
    - React/Core
  - React/RCTNetwork (0.56.0):
    - React/Core
  - React/RCTPushNotification (0.56.0):
    - React/Core
  - React/RCTSettings (0.56.0):
    - React/Core
  - React/RCTTest (0.56.0):
    - React/Core
  - React/RCTText (0.56.0):
    - React/Core
  - React/RCTVibration (0.56.0):
    - React/Core
  - React/RCTWebSocket (0.56.0):
    - React/Core
    - React/fishhook
    - React/RCTBlob
  - ReactNativePermissions (1.1.1):
    - React
  - RNDeviceInfo (0.21.5):
    - React
  - RNI18n (2.0.15):
    - React
  - RNKeychain (3.0.0):
    - React
  - RNSVG (6.5.2):
    - React
  - RNVectorIcons (5.0.0):
    - React
  - yoga (0.56.0.React)

DEPENDENCIES:
  - BVLinearGradient (from `../node_modules/react-native-linear-gradient`)
  - Crashlytics (~> 3.10.7)
  - DoubleConversion (from `../node_modules/react-native/third-party-podspecs/DoubleConversion.podspec`)
  - Fabric (~> 1.7.11)
  - Folly (from `../node_modules/react-native/third-party-podspecs/Folly.podspec`)
  - glog (from `../node_modules/react-native/third-party-podspecs/glog.podspec`)
  - react-native-camera (from `../node_modules/react-native-camera`)
  - react-native-os (from `../node_modules/react-native-os`)
  - react-native-randombytes (from `../node_modules/react-native-randombytes`)
  - react-native-splash-screen (from `../node_modules/react-native-splash-screen`)
  - react-native-tcp (from `../node_modules/react-native-tcp`)
  - react-native-udp (from `../node_modules/react-native-udp`)
  - React/Core (from `../node_modules/react-native`)
  - React/CxxBridge (from `../node_modules/react-native`)
  - React/DevSupport (from `../node_modules/react-native`)
  - React/PrivateDatabase (from `../node_modules/react-native`)
  - React/RCTActionSheet (from `../node_modules/react-native`)
  - React/RCTAnimation (from `../node_modules/react-native`)
  - React/RCTBlob (from `../node_modules/react-native`)
  - React/RCTImage (from `../node_modules/react-native`)
  - React/RCTLinkingIOS (from `../node_modules/react-native`)
  - React/RCTNetwork (from `../node_modules/react-native`)
  - React/RCTPushNotification (from `../node_modules/react-native`)
  - React/RCTSettings (from `../node_modules/react-native`)
  - React/RCTTest (from `../node_modules/react-native`)
  - React/RCTText (from `../node_modules/react-native`)
  - React/RCTVibration (from `../node_modules/react-native`)
  - React/RCTWebSocket (from `../node_modules/react-native`)
  - ReactNativePermissions (from `../node_modules/react-native-permissions`)
  - RNDeviceInfo (from `../node_modules/react-native-device-info`)
  - RNI18n (from `../node_modules/react-native-i18n`)
  - RNKeychain (from `../node_modules/react-native-keychain`)
  - RNSVG (from `../node_modules/react-native-svg`)
  - RNVectorIcons (from `../node_modules/react-native-vector-icons`)
  - yoga (from `../node_modules/react-native/ReactCommon/yoga`)

SPEC REPOS:
  https://github.com/cocoapods/specs.git:
    - boost-for-react-native
    - Crashlytics
    - Fabric

EXTERNAL SOURCES:
  BVLinearGradient:
    :path: "../node_modules/react-native-linear-gradient"
  DoubleConversion:
    :podspec: "../node_modules/react-native/third-party-podspecs/DoubleConversion.podspec"
  Folly:
    :podspec: "../node_modules/react-native/third-party-podspecs/Folly.podspec"
  glog:
    :podspec: "../node_modules/react-native/third-party-podspecs/glog.podspec"
  React:
    :path: "../node_modules/react-native"
  react-native-camera:
    :path: "../node_modules/react-native-camera"
  react-native-os:
    :path: "../node_modules/react-native-os"
  react-native-randombytes:
    :path: "../node_modules/react-native-randombytes"
  react-native-splash-screen:
    :path: "../node_modules/react-native-splash-screen"
  react-native-tcp:
    :path: "../node_modules/react-native-tcp"
  react-native-udp:
    :path: "../node_modules/react-native-udp"
  ReactNativePermissions:
    :path: "../node_modules/react-native-permissions"
  RNDeviceInfo:
    :path: "../node_modules/react-native-device-info"
  RNI18n:
    :path: "../node_modules/react-native-i18n"
  RNKeychain:
    :path: "../node_modules/react-native-keychain"
  RNSVG:
    :path: "../node_modules/react-native-svg"
  RNVectorIcons:
    :path: "../node_modules/react-native-vector-icons"
  yoga:
    :path: "../node_modules/react-native/ReactCommon/yoga"

SPEC CHECKSUMS:
  boost-for-react-native: 39c7adb57c4e60d6c5479dd8623128eb5b3f0f2c
  BVLinearGradient: 4b3f3bdf1ac1a52a5ef5e65c9585d793a7c3f825
  Crashlytics: ccaac42660eb9351b9960c0d66106b0bcf99f4fa
  DoubleConversion: a9706f16e388b53ff12cca34473428ee29746a26
  Fabric: f233c9492b3bbc1f04e3882986740f7988a58edb
  Folly: c89ac2d5c6ab169cd7397ef27485c44f35f742c7
  glog: b3b0330915eccea41c5cc9731a77cf564a9be5ea
  React: 1fe0eb13d90b625d94c3b117c274dcfd2e760e11
  react-native-camera: 68ad5143d2d0636236d46c7de8d2a6455ca52a36
  react-native-os: f6c8fb32540fde2d7ad363614e9bb2d536631a23
  react-native-randombytes: d3184d351604f78e019535178766590188bbc133
  react-native-splash-screen: 8e3f866dc79bfe533baeffd0a38c33f7a7eae7f8
  react-native-tcp: 6e92591b70ddbc97438a3946bd2fcfe3a48505ba
  react-native-udp: 6dc3196a0ac91d6e616450bfb855b488fe1787f0
  ReactNativePermissions: 9f2d9c45c98800795e6c2ed330e25d11a66a8169
  RNDeviceInfo: 568c5641057313b4912d08a7742ff0b2f753ed5c
  RNI18n: 46b8694063fbd699f2c06a4dc8e835b3176763b1
  RNKeychain: 627c6095cef215dd3d9804a9a9cf45ab96aa3997
  RNSVG: 6252323c0312735f0af5f58b5adf2965b6a9ffbf
  RNVectorIcons: c0dbfbf6068fefa240c37b0f71bd03b45dddac44
  yoga: b1ce48b6cf950b98deae82838f5173ea7cf89e85

PODFILE CHECKSUM: 7423f02245f5b1e82668dcfc8ae57b55be29f338

COCOAPODS: 1.6.0.beta.1
